
Microsoft Visual Studio Solution File, Format Version 12.00
# Visual Studio Version 17
VisualStudioVersion = 17.0.31903.59
MinimumVisualStudioVersion = 10.0.40219.1
Project("{2150E333-8FDC-42A3-9474-1A3956D46DE8}") = "src", "src", "{827E0CD3-B72D-47B6-A68D-7590B98EB39B}"
EndProject
Project("{FAE04EC0-301F-11D3-BF4B-00C04F79EFBC}") = "Library", "src\Library\Library.csproj", "{E9102DCF-E010-42A9-9FBE-7F03855A616B}"
EndProject
Project("{FAE04EC0-301F-11D3-BF4B-00C04F79EFBC}") = "Program", "src\Program\Program.csproj", "{DB4D5080-5B47-407B-933D-1314F251BE35}"
EndProject
Project("{2150E333-8FDC-42A3-9474-1A3956D46DE8}") = "test", "test", "{0C88DD14-F956-CE84-757C-A364CCF449FC}"
EndProject
Project("{FAE04EC0-301F-11D3-BF4B-00C04F79EFBC}") = "Library.Tests", "test\Library.Tests\Library.Tests.csproj", "{2B2E185A-A91F-4DB2-9857-CD0EC33EDF3D}"
EndProject
Global
	GlobalSection(SolutionConfigurationPlatforms) = preSolution
		Debug|Any CPU = Debug|Any CPU
		Debug|x64 = Debug|x64
		Debug|x86 = Debug|x86
		Release|Any CPU = Release|Any CPU
		Release|x64 = Release|x64
		Release|x86 = Release|x86
	EndGlobalSection
	GlobalSection(ProjectConfigurationPlatforms) = postSolution
		{E9102DCF-E010-42A9-9FBE-7F03855A616B}.Debug|Any CPU.ActiveCfg = Debug|Any CPU
		{E9102DCF-E010-42A9-9FBE-7F03855A616B}.Debug|Any CPU.Build.0 = Debug|Any CPU
		{E9102DCF-E010-42A9-9FBE-7F03855A616B}.Debug|x64.ActiveCfg = Debug|Any CPU
		{E9102DCF-E010-42A9-9FBE-7F03855A616B}.Debug|x64.Build.0 = Debug|Any CPU
		{E9102DCF-E010-42A9-9FBE-7F03855A616B}.Debug|x86.ActiveCfg = Debug|Any CPU
		{E9102DCF-E010-42A9-9FBE-7F03855A616B}.Debug|x86.Build.0 = Debug|Any CPU
		{E9102DCF-E010-42A9-9FBE-7F03855A616B}.Release|Any CPU.ActiveCfg = Release|Any CPU
		{E9102DCF-E010-42A9-9FBE-7F03855A616B}.Release|Any CPU.Build.0 = Release|Any CPU
		{E9102DCF-E010-42A9-9FBE-7F03855A616B}.Release|x64.ActiveCfg = Release|Any CPU
		{E9102DCF-E010-42A9-9FBE-7F03855A616B}.Release|x64.Build.0 = Release|Any CPU
		{E9102DCF-E010-42A9-9FBE-7F03855A616B}.Release|x86.ActiveCfg = Release|Any CPU
		{E9102DCF-E010-42A9-9FBE-7F03855A616B}.Release|x86.Build.0 = Release|Any CPU
		{DB4D5080-5B47-407B-933D-1314F251BE35}.Debug|Any CPU.ActiveCfg = Debug|Any CPU
		{DB4D5080-5B47-407B-933D-1314F251BE35}.Debug|Any CPU.Build.0 = Debug|Any CPU
		{DB4D5080-5B47-407B-933D-1314F251BE35}.Debug|x64.ActiveCfg = Debug|Any CPU
		{DB4D5080-5B47-407B-933D-1314F251BE35}.Debug|x64.Build.0 = Debug|Any CPU
		{DB4D5080-5B47-407B-933D-1314F251BE35}.Debug|x86.ActiveCfg = Debug|Any CPU
		{DB4D5080-5B47-407B-933D-1314F251BE35}.Debug|x86.Build.0 = Debug|Any CPU
		{DB4D5080-5B47-407B-933D-1314F251BE35}.Release|Any CPU.ActiveCfg = Release|Any CPU
		{DB4D5080-5B47-407B-933D-1314F251BE35}.Release|Any CPU.Build.0 = Release|Any CPU
		{DB4D5080-5B47-407B-933D-1314F251BE35}.Release|x64.ActiveCfg = Release|Any CPU
		{DB4D5080-5B47-407B-933D-1314F251BE35}.Release|x64.Build.0 = Release|Any CPU
		{DB4D5080-5B47-407B-933D-1314F251BE35}.Release|x86.ActiveCfg = Release|Any CPU
		{DB4D5080-5B47-407B-933D-1314F251BE35}.Release|x86.Build.0 = Release|Any CPU
		{2B2E185A-A91F-4DB2-9857-CD0EC33EDF3D}.Debug|Any CPU.ActiveCfg = Debug|Any CPU
		{2B2E185A-A91F-4DB2-9857-CD0EC33EDF3D}.Debug|Any CPU.Build.0 = Debug|Any CPU
		{2B2E185A-A91F-4DB2-9857-CD0EC33EDF3D}.Debug|x64.ActiveCfg = Debug|Any CPU
		{2B2E185A-A91F-4DB2-9857-CD0EC33EDF3D}.Debug|x64.Build.0 = Debug|Any CPU
		{2B2E185A-A91F-4DB2-9857-CD0EC33EDF3D}.Debug|x86.ActiveCfg = Debug|Any CPU
		{2B2E185A-A91F-4DB2-9857-CD0EC33EDF3D}.Debug|x86.Build.0 = Debug|Any CPU
		{2B2E185A-A91F-4DB2-9857-CD0EC33EDF3D}.Release|Any CPU.ActiveCfg = Release|Any CPU
		{2B2E185A-A91F-4DB2-9857-CD0EC33EDF3D}.Release|Any CPU.Build.0 = Release|Any CPU
		{2B2E185A-A91F-4DB2-9857-CD0EC33EDF3D}.Release|x64.ActiveCfg = Release|Any CPU
		{2B2E185A-A91F-4DB2-9857-CD0EC33EDF3D}.Release|x64.Build.0 = Release|Any CPU
		{2B2E185A-A91F-4DB2-9857-CD0EC33EDF3D}.Release|x86.ActiveCfg = Release|Any CPU
		{2B2E185A-A91F-4DB2-9857-CD0EC33EDF3D}.Release|x86.Build.0 = Release|Any CPU
	EndGlobalSection
	GlobalSection(SolutionProperties) = preSolution
		HideSolutionNode = FALSE
	EndGlobalSection
	GlobalSection(NestedProjects) = preSolution
		{E9102DCF-E010-42A9-9FBE-7F03855A616B} = {827E0CD3-B72D-47B6-A68D-7590B98EB39B}
		{DB4D5080-5B47-407B-933D-1314F251BE35} = {827E0CD3-B72D-47B6-A68D-7590B98EB39B}
		{2B2E185A-A91F-4DB2-9857-CD0EC33EDF3D} = {0C88DD14-F956-CE84-757C-A364CCF449FC}
	EndGlobalSection
EndGlobal
